
Microsoft Visual Studio Solution File, Format Version 12.00
# Visual Studio Version 16
VisualStudioVersion = 16.0.30615.102
MinimumVisualStudioVersion = 15.0.26124.0
Project("{9A19103F-16F7-4668-BE54-9A1E7A4F7556}") = "WebUI", "Net5Superpowers.WebUI\WebUI.csproj", "{FFD35EC4-738C-4654-ABDD-CB238BF5DA24}"
EndProject
Project("{9A19103F-16F7-4668-BE54-9A1E7A4F7556}") = "WebUI.UnitTests", "Net5Superpowers.WebUI.UnitTests\WebUI.UnitTests.csproj", "{E3BE47B1-2C9A-407A-9C04-563CB28CED8E}"
EndProject
Project("{9A19103F-16F7-4668-BE54-9A1E7A4F7556}") = "WebUI.IntegrationTests", "Net5Superpowers.WebUI.IntegrationTests\WebUI.IntegrationTests.csproj", "{F5E22519-83A2-4169-B32E-9BE6042E4395}"
EndProject
Project("{2150E333-8FDC-42A3-9474-1A3956D46DE8}") = "src", "src", "{97ACF718-6326-4177-9725-649BA4E4A6A7}"
EndProject
Project("{2150E333-8FDC-42A3-9474-1A3956D46DE8}") = "tests", "tests", "{A513FADF-9201-4206-866E-BADD6C3FBB64}"
EndProject
Global
	GlobalSection(SolutionConfigurationPlatforms) = preSolution
		Debug|Any CPU = Debug|Any CPU
		Debug|x64 = Debug|x64
		Debug|x86 = Debug|x86
		Release|Any CPU = Release|Any CPU
		Release|x64 = Release|x64
		Release|x86 = Release|x86
	EndGlobalSection
	GlobalSection(ProjectConfigurationPlatforms) = postSolution
		{FFD35EC4-738C-4654-ABDD-CB238BF5DA24}.Debug|Any CPU.ActiveCfg = Debug|Any CPU
		{FFD35EC4-738C-4654-ABDD-CB238BF5DA24}.Debug|Any CPU.Build.0 = Debug|Any CPU
		{FFD35EC4-738C-4654-ABDD-CB238BF5DA24}.Debug|x64.ActiveCfg = Debug|Any CPU
		{FFD35EC4-738C-4654-ABDD-CB238BF5DA24}.Debug|x64.Build.0 = Debug|Any CPU
		{FFD35EC4-738C-4654-ABDD-CB238BF5DA24}.Debug|x86.ActiveCfg = Debug|Any CPU
		{FFD35EC4-738C-4654-ABDD-CB238BF5DA24}.Debug|x86.Build.0 = Debug|Any CPU
		{FFD35EC4-738C-4654-ABDD-CB238BF5DA24}.Release|Any CPU.ActiveCfg = Release|Any CPU
		{FFD35EC4-738C-4654-ABDD-CB238BF5DA24}.Release|Any CPU.Build.0 = Release|Any CPU
		{FFD35EC4-738C-4654-ABDD-CB238BF5DA24}.Release|x64.ActiveCfg = Release|Any CPU
		{FFD35EC4-738C-4654-ABDD-CB238BF5DA24}.Release|x64.Build.0 = Release|Any CPU
		{FFD35EC4-738C-4654-ABDD-CB238BF5DA24}.Release|x86.ActiveCfg = Release|Any CPU
		{FFD35EC4-738C-4654-ABDD-CB238BF5DA24}.Release|x86.Build.0 = Release|Any CPU
		{E3BE47B1-2C9A-407A-9C04-563CB28CED8E}.Debug|Any CPU.ActiveCfg = Debug|Any CPU
		{E3BE47B1-2C9A-407A-9C04-563CB28CED8E}.Debug|Any CPU.Build.0 = Debug|Any CPU
		{E3BE47B1-2C9A-407A-9C04-563CB28CED8E}.Debug|x64.ActiveCfg = Debug|Any CPU
		{E3BE47B1-2C9A-407A-9C04-563CB28CED8E}.Debug|x64.Build.0 = Debug|Any CPU
		{E3BE47B1-2C9A-407A-9C04-563CB28CED8E}.Debug|x86.ActiveCfg = Debug|Any CPU
		{E3BE47B1-2C9A-407A-9C04-563CB28CED8E}.Debug|x86.Build.0 = Debug|Any CPU
		{E3BE47B1-2C9A-407A-9C04-563CB28CED8E}.Release|Any CPU.ActiveCfg = Release|Any CPU
		{E3BE47B1-2C9A-407A-9C04-563CB28CED8E}.Release|Any CPU.Build.0 = Release|Any CPU
		{E3BE47B1-2C9A-407A-9C04-563CB28CED8E}.Release|x64.ActiveCfg = Release|Any CPU
		{E3BE47B1-2C9A-407A-9C04-563CB28CED8E}.Release|x64.Build.0 = Release|Any CPU
		{E3BE47B1-2C9A-407A-9C04-563CB28CED8E}.Release|x86.ActiveCfg = Release|Any CPU
		{E3BE47B1-2C9A-407A-9C04-563CB28CED8E}.Release|x86.Build.0 = Release|Any CPU
		{F5E22519-83A2-4169-B32E-9BE6042E4395}.Debug|Any CPU.ActiveCfg = Debug|Any CPU
		{F5E22519-83A2-4169-B32E-9BE6042E4395}.Debug|Any CPU.Build.0 = Debug|Any CPU
		{F5E22519-83A2-4169-B32E-9BE6042E4395}.Debug|x64.ActiveCfg = Debug|Any CPU
		{F5E22519-83A2-4169-B32E-9BE6042E4395}.Debug|x64.Build.0 = Debug|Any CPU
		{F5E22519-83A2-4169-B32E-9BE6042E4395}.Debug|x86.ActiveCfg = Debug|Any CPU
		{F5E22519-83A2-4169-B32E-9BE6042E4395}.Debug|x86.Build.0 = Debug|Any CPU
		{F5E22519-83A2-4169-B32E-9BE6042E4395}.Release|Any CPU.ActiveCfg = Release|Any CPU
		{F5E22519-83A2-4169-B32E-9BE6042E4395}.Release|Any CPU.Build.0 = Release|Any CPU
		{F5E22519-83A2-4169-B32E-9BE6042E4395}.Release|x64.ActiveCfg = Release|Any CPU
		{F5E22519-83A2-4169-B32E-9BE6042E4395}.Release|x64.Build.0 = Release|Any CPU
		{F5E22519-83A2-4169-B32E-9BE6042E4395}.Release|x86.ActiveCfg = Release|Any CPU
		{F5E22519-83A2-4169-B32E-9BE6042E4395}.Release|x86.Build.0 = Release|Any CPU
	EndGlobalSection
	GlobalSection(SolutionProperties) = preSolution
		HideSolutionNode = FALSE
	EndGlobalSection
	GlobalSection(NestedProjects) = preSolution
		{FFD35EC4-738C-4654-ABDD-CB238BF5DA24} = {97ACF718-6326-4177-9725-649BA4E4A6A7}
		{E3BE47B1-2C9A-407A-9C04-563CB28CED8E} = {A513FADF-9201-4206-866E-BADD6C3FBB64}
		{F5E22519-83A2-4169-B32E-9BE6042E4395} = {A513FADF-9201-4206-866E-BADD6C3FBB64}
	EndGlobalSection
	GlobalSection(ExtensibilityGlobals) = postSolution
		SolutionGuid = {DB1A2F9A-B5A9-41BC-B1EB-A5A48CBB2C7D}
	EndGlobalSection
EndGlobal
